
Microsoft Visual Studio Solution File, Format Version 12.00
# Visual Studio 15
VisualStudioVersion = 15.0.26430.6
MinimumVisualStudioVersion = 10.0.40219.1
Project("{FAE04EC0-301F-11D3-BF4B-00C04F79EFBC}") = "BasicListSample.Android", "BasicListSample\BasicListSample.Android\BasicListSample.Android.csproj", "{0C51673D-B6C7-4559-893D-9DDE44D3EF87}"
EndProject
Project("{FAE04EC0-301F-11D3-BF4B-00C04F79EFBC}") = "BasicListSample", "BasicListSample\BasicListSample\BasicListSample.csproj", "{1EAF35AB-433C-4AD1-93B0-AD68B22D60D7}"
EndProject
Project("{FAE04EC0-301F-11D3-BF4B-00C04F79EFBC}") = "BasicListSample.iOS", "BasicListSample\BasicListSample.iOS\BasicListSample.iOS.csproj", "{6359B5A1-15E6-4327-A08A-48C8A6FD2E96}"
EndProject
Global
	GlobalSection(SolutionConfigurationPlatforms) = preSolution
		Ad-Hoc|Any CPU = Ad-Hoc|Any CPU
		Ad-Hoc|iPhone = Ad-Hoc|iPhone
		Ad-Hoc|iPhoneSimulator = Ad-Hoc|iPhoneSimulator
		AppStore|Any CPU = AppStore|Any CPU
		AppStore|iPhone = AppStore|iPhone
		AppStore|iPhoneSimulator = AppStore|iPhoneSimulator
		Debug|Any CPU = Debug|Any CPU
		Debug|iPhone = Debug|iPhone
		Debug|iPhoneSimulator = Debug|iPhoneSimulator
		Release|Any CPU = Release|Any CPU
		Release|iPhone = Release|iPhone
		Release|iPhoneSimulator = Release|iPhoneSimulator
	EndGlobalSection
	GlobalSection(ProjectConfigurationPlatforms) = postSolution
		{0C51673D-B6C7-4559-893D-9DDE44D3EF87}.Ad-Hoc|Any CPU.ActiveCfg = Release|Any CPU
		{0C51673D-B6C7-4559-893D-9DDE44D3EF87}.Ad-Hoc|Any CPU.Build.0 = Release|Any CPU
		{0C51673D-B6C7-4559-893D-9DDE44D3EF87}.Ad-Hoc|Any CPU.Deploy.0 = Release|Any CPU
		{0C51673D-B6C7-4559-893D-9DDE44D3EF87}.Ad-Hoc|iPhone.ActiveCfg = Release|Any CPU
		{0C51673D-B6C7-4559-893D-9DDE44D3EF87}.Ad-Hoc|iPhone.Build.0 = Release|Any CPU
		{0C51673D-B6C7-4559-893D-9DDE44D3EF87}.Ad-Hoc|iPhone.Deploy.0 = Release|Any CPU
		{0C51673D-B6C7-4559-893D-9DDE44D3EF87}.Ad-Hoc|iPhoneSimulator.ActiveCfg = Release|Any CPU
		{0C51673D-B6C7-4559-893D-9DDE44D3EF87}.Ad-Hoc|iPhoneSimulator.Build.0 = Release|Any CPU
		{0C51673D-B6C7-4559-893D-9DDE44D3EF87}.Ad-Hoc|iPhoneSimulator.Deploy.0 = Release|Any CPU
		{0C51673D-B6C7-4559-893D-9DDE44D3EF87}.AppStore|Any CPU.ActiveCfg = Release|Any CPU
		{0C51673D-B6C7-4559-893D-9DDE44D3EF87}.AppStore|Any CPU.Build.0 = Release|Any CPU
		{0C51673D-B6C7-4559-893D-9DDE44D3EF87}.AppStore|Any CPU.Deploy.0 = Release|Any CPU
		{0C51673D-B6C7-4559-893D-9DDE44D3EF87}.AppStore|iPhone.ActiveCfg = Release|Any CPU
		{0C51673D-B6C7-4559-893D-9DDE44D3EF87}.AppStore|iPhone.Build.0 = Release|Any CPU
		{0C51673D-B6C7-4559-893D-9DDE44D3EF87}.AppStore|iPhone.Deploy.0 = Release|Any CPU
		{0C51673D-B6C7-4559-893D-9DDE44D3EF87}.AppStore|iPhoneSimulator.ActiveCfg = Release|Any CPU
		{0C51673D-B6C7-4559-893D-9DDE44D3EF87}.AppStore|iPhoneSimulator.Build.0 = Release|Any CPU
		{0C51673D-B6C7-4559-893D-9DDE44D3EF87}.AppStore|iPhoneSimulator.Deploy.0 = Release|Any CPU
		{0C51673D-B6C7-4559-893D-9DDE44D3EF87}.Debug|Any CPU.ActiveCfg = Debug|Any CPU
		{0C51673D-B6C7-4559-893D-9DDE44D3EF87}.Debug|Any CPU.Build.0 = Debug|Any CPU
		{0C51673D-B6C7-4559-893D-9DDE44D3EF87}.Debug|Any CPU.Deploy.0 = Debug|Any CPU
		{0C51673D-B6C7-4559-893D-9DDE44D3EF87}.Debug|iPhone.ActiveCfg = Debug|Any CPU
		{0C51673D-B6C7-4559-893D-9DDE44D3EF87}.Debug|iPhone.Build.0 = Debug|Any CPU
		{0C51673D-B6C7-4559-893D-9DDE44D3EF87}.Debug|iPhone.Deploy.0 = Debug|Any CPU
		{0C51673D-B6C7-4559-893D-9DDE44D3EF87}.Debug|iPhoneSimulator.ActiveCfg = Debug|Any CPU
		{0C51673D-B6C7-4559-893D-9DDE44D3EF87}.Debug|iPhoneSimulator.Build.0 = Debug|Any CPU
		{0C51673D-B6C7-4559-893D-9DDE44D3EF87}.Debug|iPhoneSimulator.Deploy.0 = Debug|Any CPU
		{0C51673D-B6C7-4559-893D-9DDE44D3EF87}.Release|Any CPU.ActiveCfg = Release|Any CPU
		{0C51673D-B6C7-4559-893D-9DDE44D3EF87}.Release|Any CPU.Build.0 = Release|Any CPU
		{0C51673D-B6C7-4559-893D-9DDE44D3EF87}.Release|Any CPU.Deploy.0 = Release|Any CPU
		{0C51673D-B6C7-4559-893D-9DDE44D3EF87}.Release|iPhone.ActiveCfg = Release|Any CPU
		{0C51673D-B6C7-4559-893D-9DDE44D3EF87}.Release|iPhone.Build.0 = Release|Any CPU
		{0C51673D-B6C7-4559-893D-9DDE44D3EF87}.Release|iPhone.Deploy.0 = Release|Any CPU
		{0C51673D-B6C7-4559-893D-9DDE44D3EF87}.Release|iPhoneSimulator.ActiveCfg = Release|Any CPU
		{0C51673D-B6C7-4559-893D-9DDE44D3EF87}.Release|iPhoneSimulator.Build.0 = Release|Any CPU
		{0C51673D-B6C7-4559-893D-9DDE44D3EF87}.Release|iPhoneSimulator.Deploy.0 = Release|Any CPU
		{1EAF35AB-433C-4AD1-93B0-AD68B22D60D7}.Ad-Hoc|Any CPU.ActiveCfg = Release|Any CPU
		{1EAF35AB-433C-4AD1-93B0-AD68B22D60D7}.Ad-Hoc|Any CPU.Build.0 = Release|Any CPU
		{1EAF35AB-433C-4AD1-93B0-AD68B22D60D7}.Ad-Hoc|iPhone.ActiveCfg = Release|Any CPU
		{1EAF35AB-433C-4AD1-93B0-AD68B22D60D7}.Ad-Hoc|iPhone.Build.0 = Release|Any CPU
		{1EAF35AB-433C-4AD1-93B0-AD68B22D60D7}.Ad-Hoc|iPhoneSimulator.ActiveCfg = Release|Any CPU
		{1EAF35AB-433C-4AD1-93B0-AD68B22D60D7}.Ad-Hoc|iPhoneSimulator.Build.0 = Release|Any CPU
		{1EAF35AB-433C-4AD1-93B0-AD68B22D60D7}.AppStore|Any CPU.ActiveCfg = Release|Any CPU
		{1EAF35AB-433C-4AD1-93B0-AD68B22D60D7}.AppStore|Any CPU.Build.0 = Release|Any CPU
		{1EAF35AB-433C-4AD1-93B0-AD68B22D60D7}.AppStore|iPhone.ActiveCfg = Release|Any CPU
		{1EAF35AB-433C-4AD1-93B0-AD68B22D60D7}.AppStore|iPhone.Build.0 = Release|Any CPU
		{1EAF35AB-433C-4AD1-93B0-AD68B22D60D7}.AppStore|iPhoneSimulator.ActiveCfg = Release|Any CPU
		{1EAF35AB-433C-4AD1-93B0-AD68B22D60D7}.AppStore|iPhoneSimulator.Build.0 = Release|Any CPU
		{1EAF35AB-433C-4AD1-93B0-AD68B22D60D7}.Debug|Any CPU.ActiveCfg = Debug|Any CPU
		{1EAF35AB-433C-4AD1-93B0-AD68B22D60D7}.Debug|Any CPU.Build.0 = Debug|Any CPU
		{1EAF35AB-433C-4AD1-93B0-AD68B22D60D7}.Debug|iPhone.ActiveCfg = Debug|Any CPU
		{1EAF35AB-433C-4AD1-93B0-AD68B22D60D7}.Debug|iPhone.Build.0 = Debug|Any CPU
		{1EAF35AB-433C-4AD1-93B0-AD68B22D60D7}.Debug|iPhoneSimulator.ActiveCfg = Debug|Any CPU
		{1EAF35AB-433C-4AD1-93B0-AD68B22D60D7}.Debug|iPhoneSimulator.Build.0 = Debug|Any CPU
		{1EAF35AB-433C-4AD1-93B0-AD68B22D60D7}.Release|Any CPU.ActiveCfg = Release|Any CPU
		{1EAF35AB-433C-4AD1-93B0-AD68B22D60D7}.Release|Any CPU.Build.0 = Release|Any CPU
		{1EAF35AB-433C-4AD1-93B0-AD68B22D60D7}.Release|iPhone.ActiveCfg = Release|Any CPU
		{1EAF35AB-433C-4AD1-93B0-AD68B22D60D7}.Release|iPhone.Build.0 = Release|Any CPU
		{1EAF35AB-433C-4AD1-93B0-AD68B22D60D7}.Release|iPhoneSimulator.ActiveCfg = Release|Any CPU
		{1EAF35AB-433C-4AD1-93B0-AD68B22D60D7}.Release|iPhoneSimulator.Build.0 = Release|Any CPU
		{6359B5A1-15E6-4327-A08A-48C8A6FD2E96}.Ad-Hoc|Any CPU.ActiveCfg = Ad-Hoc|iPhone
		{6359B5A1-15E6-4327-A08A-48C8A6FD2E96}.Ad-Hoc|iPhone.ActiveCfg = Ad-Hoc|iPhone
		{6359B5A1-15E6-4327-A08A-48C8A6FD2E96}.Ad-Hoc|iPhone.Build.0 = Ad-Hoc|iPhone
		{6359B5A1-15E6-4327-A08A-48C8A6FD2E96}.Ad-Hoc|iPhoneSimulator.ActiveCfg = Ad-Hoc|iPhoneSimulator
		{6359B5A1-15E6-4327-A08A-48C8A6FD2E96}.Ad-Hoc|iPhoneSimulator.Build.0 = Ad-Hoc|iPhoneSimulator
		{6359B5A1-15E6-4327-A08A-48C8A6FD2E96}.AppStore|Any CPU.ActiveCfg = AppStore|iPhone
		{6359B5A1-15E6-4327-A08A-48C8A6FD2E96}.AppStore|iPhone.ActiveCfg = AppStore|iPhone
		{6359B5A1-15E6-4327-A08A-48C8A6FD2E96}.AppStore|iPhone.Build.0 = AppStore|iPhone
		{6359B5A1-15E6-4327-A08A-48C8A6FD2E96}.AppStore|iPhoneSimulator.ActiveCfg = AppStore|iPhoneSimulator
		{6359B5A1-15E6-4327-A08A-48C8A6FD2E96}.AppStore|iPhoneSimulator.Build.0 = AppStore|iPhoneSimulator
		{6359B5A1-15E6-4327-A08A-48C8A6FD2E96}.Debug|Any CPU.ActiveCfg = Debug|iPhone
		{6359B5A1-15E6-4327-A08A-48C8A6FD2E96}.Debug|iPhone.ActiveCfg = Debug|iPhone
		{6359B5A1-15E6-4327-A08A-48C8A6FD2E96}.Debug|iPhone.Build.0 = Debug|iPhone
		{6359B5A1-15E6-4327-A08A-48C8A6FD2E96}.Debug|iPhoneSimulator.ActiveCfg = Debug|iPhoneSimulator
		{6359B5A1-15E6-4327-A08A-48C8A6FD2E96}.Debug|iPhoneSimulator.Build.0 = Debug|iPhoneSimulator
		{6359B5A1-15E6-4327-A08A-48C8A6FD2E96}.Release|Any CPU.ActiveCfg = Release|iPhone
		{6359B5A1-15E6-4327-A08A-48C8A6FD2E96}.Release|iPhone.ActiveCfg = Release|iPhone
		{6359B5A1-15E6-4327-A08A-48C8A6FD2E96}.Release|iPhone.Build.0 = Release|iPhone
		{6359B5A1-15E6-4327-A08A-48C8A6FD2E96}.Release|iPhoneSimulator.ActiveCfg = Release|iPhoneSimulator
		{6359B5A1-15E6-4327-A08A-48C8A6FD2E96}.Release|iPhoneSimulator.Build.0 = Release|iPhoneSimulator
	EndGlobalSection
	GlobalSection(SolutionProperties) = preSolution
		HideSolutionNode = FALSE
	EndGlobalSection
EndGlobal
